
Microsoft Visual Studio Solution File, Format Version 12.00
# Visual Studio 15
Project("{FAE04EC0-301F-11D3-BF4B-00C04F79EFBC}") = "HelloWorld", "HelloWorld\HelloWorld.csproj", "{D146AE90-E1BC-4408-B3C4-E1637D70516C}"
EndProject
Global
	GlobalSection(SolutionConfigurationPlatforms) = preSolution
		Debug|anycpu = Debug|anycpu
		Release|anycpu = Release|anycpu
	EndGlobalSection
	GlobalSection(ProjectConfigurationPlatforms) = postSolution
		{D146AE90-E1BC-4408-B3C4-E1637D70516C}.Debug|anycpu.ActiveCfg = Debug|anycpu
		{D146AE90-E1BC-4408-B3C4-E1637D70516C}.Debug|anycpu.Build.0 = Debug|anycpu
		{D146AE90-E1BC-4408-B3C4-E1637D70516C}.Release|anycpu.ActiveCfg = Release|anycpu
		{D146AE90-E1BC-4408-B3C4-E1637D70516C}.Release|anycpu.Build.0 = Release|anycpu
	EndGlobalSection
EndGlobal
